
Microsoft Visual Studio Solution File, Format Version 12.00
# Visual Studio Express 2012 for Windows Desktop
Project("{FAE04EC0-301F-11D3-BF4B-00C04F79EFBC}") = "MediaBrowser", "MediaBrowser\MediaBrowser.csproj", "{AAFEED1C-0006-4FDA-99BB-818C7E5CA7B7}"
EndProject
Global
	GlobalSection(SolutionConfigurationPlatforms) = preSolution
		Debug|Any CPU = Debug|Any CPU
		Release|Any CPU = Release|Any CPU
	EndGlobalSection
	GlobalSection(ProjectConfigurationPlatforms) = postSolution
		{AAFEED1C-0006-4FDA-99BB-818C7E5CA7B7}.Debug|Any CPU.ActiveCfg = Debug|Any CPU
		{AAFEED1C-0006-4FDA-99BB-818C7E5CA7B7}.Debug|Any CPU.Build.0 = Debug|Any CPU
		{AAFEED1C-0006-4FDA-99BB-818C7E5CA7B7}.Release|Any CPU.ActiveCfg = Release|Any CPU
		{AAFEED1C-0006-4FDA-99BB-818C7E5CA7B7}.Release|Any CPU.Build.0 = Release|Any CPU
	EndGlobalSection
	GlobalSection(SolutionProperties) = preSolution
		HideSolutionNode = FALSE
	EndGlobalSection
EndGlobal
